
Microsoft Visual Studio Solution File, Format Version 12.00
# Visual Studio Version 17
VisualStudioVersion = 17.8.34408.163
MinimumVisualStudioVersion = 10.0.40219.1
Project("{9A19103F-16F7-4668-BE54-9A1E7A4F7556}") = "InstrumentCatalogue.API", "InstrumentCatalogue.API\InstrumentCatalogue.API.csproj", "{585166EE-B0C0-4A6C-93C2-5B558AA9C101}"
EndProject
Project("{9A19103F-16F7-4668-BE54-9A1E7A4F7556}") = "InstrumentCatalogue.Core", "InstrumentCatalogue.Core\InstrumentCatalogue.Core.csproj", "{9472FC7F-2BC8-40AD-B388-34E23257D9A4}"
EndProject
Project("{9A19103F-16F7-4668-BE54-9A1E7A4F7556}") = "InstrumentCatalogue.Application", "InstrumentCatalogue.Application\InstrumentCatalogue.Application.csproj", "{E9250496-0C18-443E-B217-A8A3010F894C}"
EndProject
Project("{9A19103F-16F7-4668-BE54-9A1E7A4F7556}") = "InstrumentCatalogue.Infrastructure", "InstrumentCatalogue.Infrastructure\InstrumentCatalogue.Infrastructure.csproj", "{FF49C84A-0E07-46A3-A89B-1E7CC649EA6D}"
EndProject
Project("{FAE04EC0-301F-11D3-BF4B-00C04F79EFBC}") = "InstrumentCatalogue.Tests", "InstrumentCatalogue.Tests\InstrumentCatalogue.Tests.csproj", "{28150DB8-6F9B-4E74-8FDC-810A8ABB80ED}"
EndProject
Project("{2150E333-8FDC-42A3-9474-1A3956D46DE8}") = "Solution Items", "Solution Items", "{8A3D1A5E-123E-4E90-A8F3-BC15C7658398}"
	ProjectSection(SolutionItems) = preProject
		.dockerignore = .dockerignore
		DockerFile = DockerFile
	EndProjectSection
EndProject
Global
	GlobalSection(SolutionConfigurationPlatforms) = preSolution
		Debug|Any CPU = Debug|Any CPU
		Release|Any CPU = Release|Any CPU
	EndGlobalSection
	GlobalSection(ProjectConfigurationPlatforms) = postSolution
		{585166EE-B0C0-4A6C-93C2-5B558AA9C101}.Debug|Any CPU.ActiveCfg = Debug|Any CPU
		{585166EE-B0C0-4A6C-93C2-5B558AA9C101}.Debug|Any CPU.Build.0 = Debug|Any CPU
		{585166EE-B0C0-4A6C-93C2-5B558AA9C101}.Release|Any CPU.ActiveCfg = Release|Any CPU
		{585166EE-B0C0-4A6C-93C2-5B558AA9C101}.Release|Any CPU.Build.0 = Release|Any CPU
		{9472FC7F-2BC8-40AD-B388-34E23257D9A4}.Debug|Any CPU.ActiveCfg = Debug|Any CPU
		{9472FC7F-2BC8-40AD-B388-34E23257D9A4}.Debug|Any CPU.Build.0 = Debug|Any CPU
		{9472FC7F-2BC8-40AD-B388-34E23257D9A4}.Release|Any CPU.ActiveCfg = Release|Any CPU
		{9472FC7F-2BC8-40AD-B388-34E23257D9A4}.Release|Any CPU.Build.0 = Release|Any CPU
		{E9250496-0C18-443E-B217-A8A3010F894C}.Debug|Any CPU.ActiveCfg = Debug|Any CPU
		{E9250496-0C18-443E-B217-A8A3010F894C}.Debug|Any CPU.Build.0 = Debug|Any CPU
		{E9250496-0C18-443E-B217-A8A3010F894C}.Release|Any CPU.ActiveCfg = Release|Any CPU
		{E9250496-0C18-443E-B217-A8A3010F894C}.Release|Any CPU.Build.0 = Release|Any CPU
		{FF49C84A-0E07-46A3-A89B-1E7CC649EA6D}.Debug|Any CPU.ActiveCfg = Debug|Any CPU
		{FF49C84A-0E07-46A3-A89B-1E7CC649EA6D}.Debug|Any CPU.Build.0 = Debug|Any CPU
		{FF49C84A-0E07-46A3-A89B-1E7CC649EA6D}.Release|Any CPU.ActiveCfg = Release|Any CPU
		{FF49C84A-0E07-46A3-A89B-1E7CC649EA6D}.Release|Any CPU.Build.0 = Release|Any CPU
		{28150DB8-6F9B-4E74-8FDC-810A8ABB80ED}.Debug|Any CPU.ActiveCfg = Debug|Any CPU
		{28150DB8-6F9B-4E74-8FDC-810A8ABB80ED}.Debug|Any CPU.Build.0 = Debug|Any CPU
		{28150DB8-6F9B-4E74-8FDC-810A8ABB80ED}.Release|Any CPU.ActiveCfg = Release|Any CPU
		{28150DB8-6F9B-4E74-8FDC-810A8ABB80ED}.Release|Any CPU.Build.0 = Release|Any CPU
	EndGlobalSection
	GlobalSection(SolutionProperties) = preSolution
		HideSolutionNode = FALSE
	EndGlobalSection
	GlobalSection(ExtensibilityGlobals) = postSolution
		SolutionGuid = {28663BC0-9973-45CA-A2AF-50A68524C84D}
	EndGlobalSection
EndGlobal
